{
  "name": "edt-iut-nantes",
  "version": "1.0.0",
  "lockfileVersion": 2,
  "requires": true,
  "packages": {
    "": {
      "name": "edt-iut-nantes",
      "version": "1.0.0",
      "license": "MIT",
      "dependencies": {
        "gus-ui": "^1.0.28",
        "ics-to-json": "^1.0.0"
      }
    },
    "node_modules/gus-ui": {
      "version": "1.0.28",
      "resolved": "https://registry.npmjs.org/gus-ui/-/gus-ui-1.0.28.tgz",
      "integrity": "sha512-MRaAeXHCzUoGWg8E/uITpoMhyrXXSzHzYgzxZ6hPSdKMWHwpDqcD3fMhVdDTJsHOPofqvVd5p4EyNqsbVqWXUA=="
    },
    "node_modules/ics-to-json": {
      "version": "1.0.0",
      "resolved": "https://registry.npmjs.org/ics-to-json/-/ics-to-json-1.0.0.tgz",
      "integrity": "sha512-J2bvEGr2BKsdV7WTmOKXr1ksFeujR+dFwM5yxWu3cODq3HduwcIZQjSsYinmSpa3FxlvzVqtfuBbw7Q/g0FWGw=="
    }
  },
  "dependencies": {
    "gus-ui": {
      "version": "1.0.28",
      "resolved": "https://registry.npmjs.org/gus-ui/-/gus-ui-1.0.28.tgz",
      "integrity": "sha512-MRaAeXHCzUoGWg8E/uITpoMhyrXXSzHzYgzxZ6hPSdKMWHwpDqcD3fMhVdDTJsHOPofqvVd5p4EyNqsbVqWXUA=="
    },
    "ics-to-json": {
      "version": "1.0.0",
      "resolved": "https://registry.npmjs.org/ics-to-json/-/ics-to-json-1.0.0.tgz",
      "integrity": "sha512-J2bvEGr2BKsdV7WTmOKXr1ksFeujR+dFwM5yxWu3cODq3HduwcIZQjSsYinmSpa3FxlvzVqtfuBbw7Q/g0FWGw=="
    }
  }
}
